{
  "requires": true,
  "lockfileVersion": 1,
  "dependencies": {
    "cordova_script": {
      "version": "0.0.1",
      "resolved": "https://registry.npmjs.org/cordova_script/-/cordova_script-0.0.1.tgz",
      "integrity": "sha512-+Mq1CwlEPTa4Mpmdm94QF/tMDqYsRy5uxFXjnlv0X4SlQVueL/rI4zN6/9+j0ydhcD0HCLt7QqDGOY9Vbrjupw==",
      "requires": {
        "fs": "0.0.1-security"
      }
    },
    "fs": {
      "version": "0.0.1-security",
      "resolved": "https://registry.npmjs.org/fs/-/fs-0.0.1-security.tgz",
      "integrity": "sha1-invTcYa23d84E/I4WLV+yq9eQdQ="
    }
  }
}
